<?xml version="1.0" encoding="utf-8"?>
<Project ToolsVersion="4.0" xmlns="http://schemas.microsoft.com/developer/msbuild/2003">
  <ItemGroup>
    <Filter Include="Source Files">
      <UniqueIdentifier>{4FC737F1-C7A5-4376-A066-2A32D752A2FF}</UniqueIdentifier>
      <Extensions>cpp;c;cc;cxx;def;odl;idl;hpj;bat;asm;asmx</Extensions>
    </Filter>
    <Filter Include="Header Files">
      <UniqueIdentifier>{93995380-89BD-4b04-88EB-625FBE52EBFB}</UniqueIdentifier>
      <Extensions>h;hh;hpp;hxx;hm;inl;inc;xsd</Extensions>
    </Filter>
    <Filter Include="Resource Files">
      <UniqueIdentifier>{67DA6AB6-F800-4c08-8B7A-83BB121AAD01}</UniqueIdentifier>
      <Extensions>rc;ico;cur;bmp;dlg;rc2;rct;bin;rgs;gif;jpg;jpeg;jpe;resx;tiff;tif;png;wav;mfcribbon-ms</Extensions>
    </Filter>
  </ItemGroup>
  <ItemGroup>
    <ClInclude Include="include\db\otl\DataBase.h">
      <Filter>Header Files</Filter>
    </ClInclude>
    <ClInclude Include="include\db\otl\DBHelper.h">
      <Filter>Header Files</Filter>
    </ClInclude>
    <ClInclude Include="include\db\otl\DBReader.h">
      <Filter>Header Files</Filter>
    </ClInclude>
    <ClInclude Include="include\db\otl\otlv4.h">
      <Filter>Header Files</Filter>
    </ClInclude>
    <ClInclude Include="include\feature\Feature.h">
      <Filter>Header Files</Filter>
    </ClInclude>
    <ClInclude Include="include\feature\feature_selection.h">
      <Filter>Header Files</Filter>
    </ClInclude>
    <ClInclude Include="include\feature\feature_util.h">
      <Filter>Header Files</Filter>
    </ClInclude>
    <ClInclude Include="include\feature\FeatureExtractor.h">
      <Filter>Header Files</Filter>
    </ClInclude>
    <ClInclude Include="include\feature\FeatureExtractorMgr.h">
      <Filter>Header Files</Filter>
    </ClInclude>
    <ClInclude Include="include\feature\FeatureIdentifer.h">
      <Filter>Header Files</Filter>
    </ClInclude>
    <ClInclude Include="include\feature\FeatureNormalizer.h">
      <Filter>Header Files</Filter>
    </ClInclude>
    <ClInclude Include="include\feature\FeatureSelector.h">
      <Filter>Header Files</Filter>
    </ClInclude>
    <ClInclude Include="include\json\autolink.h">
      <Filter>Header Files</Filter>
    </ClInclude>
    <ClInclude Include="include\json\config.h">
      <Filter>Header Files</Filter>
    </ClInclude>
    <ClInclude Include="include\json\features.h">
      <Filter>Header Files</Filter>
    </ClInclude>
    <ClInclude Include="include\json\forwards.h">
      <Filter>Header Files</Filter>
    </ClInclude>
    <ClInclude Include="include\json\json.h">
      <Filter>Header Files</Filter>
    </ClInclude>
    <ClInclude Include="include\json\reader.h">
      <Filter>Header Files</Filter>
    </ClInclude>
    <ClInclude Include="include\json\value.h">
      <Filter>Header Files</Filter>
    </ClInclude>
    <ClInclude Include="include\json\writer.h">
      <Filter>Header Files</Filter>
    </ClInclude>
    <ClInclude Include="include\model\LinearModel.h">
      <Filter>Header Files</Filter>
    </ClInclude>
    <ClInclude Include="include\model\Model.h">
      <Filter>Header Files</Filter>
    </ClInclude>
    <ClInclude Include="include\model\ModelFactory.h">
      <Filter>Header Files</Filter>
    </ClInclude>
    <ClInclude Include="include\model\Predictor.h">
      <Filter>Header Files</Filter>
    </ClInclude>
    <ClInclude Include="include\model\predictor_util.h">
      <Filter>Header Files</Filter>
    </ClInclude>
    <ClInclude Include="include\model\RandForestModel.h">
      <Filter>Header Files</Filter>
    </ClInclude>
    <ClInclude Include="include\model\Score.h">
      <Filter>Header Files</Filter>
    </ClInclude>
    <ClInclude Include="include\model\SharedPredictor.h">
      <Filter>Header Files</Filter>
    </ClInclude>
    <ClInclude Include="include\model\SvmModel.h">
      <Filter>Header Files</Filter>
    </ClInclude>
    <ClInclude Include="include\numeric\collocation.h">
      <Filter>Header Files</Filter>
    </ClInclude>
    <ClInclude Include="include\all_util.h">
      <Filter>Header Files</Filter>
    </ClInclude>
    <ClInclude Include="include\bloom_filter.h">
      <Filter>Header Files</Filter>
    </ClInclude>
    <ClInclude Include="include\common_algorithm.h">
      <Filter>Header Files</Filter>
    </ClInclude>
    <ClInclude Include="include\common_def.h">
      <Filter>Header Files</Filter>
    </ClInclude>
    <ClInclude Include="include\common_util.h">
      <Filter>Header Files</Filter>
    </ClInclude>
    <ClInclude Include="include\conf_util.h">
      <Filter>Header Files</Filter>
    </ClInclude>
    <ClInclude Include="include\curl_util.h">
      <Filter>Header Files</Filter>
    </ClInclude>
    <ClInclude Include="include\DataBase.h">
      <Filter>Header Files</Filter>
    </ClInclude>
    <ClInclude Include="include\datetime_util.h">
      <Filter>Header Files</Filter>
    </ClInclude>
    <ClInclude Include="include\debug_util.h">
      <Filter>Header Files</Filter>
    </ClInclude>
    <ClInclude Include="include\edit_distance.h">
      <Filter>Header Files</Filter>
    </ClInclude>
    <ClInclude Include="include\editdistance.h">
      <Filter>Header Files</Filter>
    </ClInclude>
    <ClInclude Include="include\encoding_convert.h">
      <Filter>Header Files</Filter>
    </ClInclude>
    <ClInclude Include="include\hashmap_util.h">
      <Filter>Header Files</Filter>
    </ClInclude>
    <ClInclude Include="include\Identifer.h">
      <Filter>Header Files</Filter>
    </ClInclude>
    <ClInclude Include="include\IProcessor.h">
      <Filter>Header Files</Filter>
    </ClInclude>
    <ClInclude Include="include\json.h">
      <Filter>Header Files</Filter>
    </ClInclude>
    <ClInclude Include="include\log_util.h">
      <Filter>Header Files</Filter>
    </ClInclude>
    <ClInclude Include="include\MatchDict.h">
      <Filter>Header Files</Filter>
    </ClInclude>
    <ClInclude Include="include\Matrix.h">
      <Filter>Header Files</Filter>
    </ClInclude>
    <ClInclude Include="include\MinHash.h">
      <Filter>Header Files</Filter>
    </ClInclude>
    <ClInclude Include="include\MultiHash.h">
      <Filter>Header Files</Filter>
    </ClInclude>
    <ClInclude Include="include\myclient_help.h">
      <Filter>Header Files</Filter>
    </ClInclude>
    <ClInclude Include="include\myclient_stream.h">
      <Filter>Header Files</Filter>
    </ClInclude>
    <ClInclude Include="include\ProcessorMgr.h">
      <Filter>Header Files</Filter>
    </ClInclude>
    <ClInclude Include="include\reg_util.h">
      <Filter>Header Files</Filter>
    </ClInclude>
    <ClInclude Include="include\RegexMatcher.h">
      <Filter>Header Files</Filter>
    </ClInclude>
    <ClInclude Include="include\RegexReplaceProcessor.h">
      <Filter>Header Files</Filter>
    </ClInclude>
    <ClInclude Include="include\RegexSearcher.h">
      <Filter>Header Files</Filter>
    </ClInclude>
    <ClInclude Include="include\Seg.h">
      <Filter>Header Files</Filter>
    </ClInclude>
    <ClInclude Include="include\SegDict.h">
      <Filter>Header Files</Filter>
    </ClInclude>
    <ClInclude Include="include\Segmentor.h">
      <Filter>Header Files</Filter>
    </ClInclude>
    <ClInclude Include="include\serialize_util.h">
      <Filter>Header Files</Filter>
    </ClInclude>
    <ClInclude Include="include\SharedSegDict.h">
      <Filter>Header Files</Filter>
    </ClInclude>
    <ClInclude Include="include\SharedSegmentor.h">
      <Filter>Header Files</Filter>
    </ClInclude>
    <ClInclude Include="include\SimpleServer.h">
      <Filter>Header Files</Filter>
    </ClInclude>
    <ClInclude Include="include\sort_map_by_value.h">
      <Filter>Header Files</Filter>
    </ClInclude>
    <ClInclude Include="include\sort_util.h">
      <Filter>Header Files</Filter>
    </ClInclude>
    <ClInclude Include="include\statistic_util.h">
      <Filter>Header Files</Filter>
    </ClInclude>
    <ClInclude Include="include\string_util.h">
      <Filter>Header Files</Filter>
    </ClInclude>
    <ClInclude Include="include\unique_add_and_copy.h">
      <Filter>Header Files</Filter>
    </ClInclude>
    <ClInclude Include="include\unordered_map_serialize.h">
      <Filter>Header Files</Filter>
    </ClInclude>
    <ClInclude Include="include\unordered_set_serialize.h">
      <Filter>Header Files</Filter>
    </ClInclude>
    <ClInclude Include="include\url_util.h">
      <Filter>Header Files</Filter>
    </ClInclude>
    <ClInclude Include="include\word_seg.h">
      <Filter>Header Files</Filter>
    </ClInclude>
    <ClInclude Include="include\wstring_util.h">
      <Filter>Header Files</Filter>
    </ClInclude>
    <ClInclude Include="src\json\json_batchallocator.h">
      <Filter>Header Files</Filter>
    </ClInclude>
    <ClInclude Include="src\json\json_tool.h">
      <Filter>Header Files</Filter>
    </ClInclude>
    <ClInclude Include="include\linq\boolinq.h">
      <Filter>Header Files</Filter>
    </ClInclude>
    <ClInclude Include="include\linq\cpplinq.hpp">
      <Filter>Header Files</Filter>
    </ClInclude>
    <ClInclude Include="include\common\Exception.h">
      <Filter>Header Files</Filter>
    </ClInclude>
    <ClInclude Include="include\Exception.h">
      <Filter>Header Files</Filter>
    </ClInclude>
    <ClInclude Include="include\linq.h">
      <Filter>Header Files</Filter>
    </ClInclude>
    <ClInclude Include="include\file_util.h">
      <Filter>Header Files</Filter>
    </ClInclude>
    <ClInclude Include="include\stl_util.h">
      <Filter>Header Files</Filter>
    </ClInclude>
    <ClInclude Include="include\time_util.h">
      <Filter>Header Files</Filter>
    </ClInclude>
    <ClInclude Include="include\map_util.h">
      <Filter>Header Files</Filter>
    </ClInclude>
    <ClInclude Include="include\convert_type.h">
      <Filter>Header Files</Filter>
    </ClInclude>
    <ClInclude Include="include\ProgressBar.h">
      <Filter>Header Files</Filter>
    </ClInclude>
    <ClInclude Include="include\tieba\uname_util.h">
      <Filter>Header Files</Filter>
    </ClInclude>
    <ClInclude Include="include\tools\ip.h">
      <Filter>Header Files</Filter>
    </ClInclude>
    <ClInclude Include="include\tools\IpFinder.h">
      <Filter>Header Files</Filter>
    </ClInclude>
    <ClInclude Include="include\tools\uname_util.h">
      <Filter>Header Files</Filter>
    </ClInclude>
    <ClInclude Include="include\undef_convert.h">
      <Filter>Header Files</Filter>
    </ClInclude>
    <ClInclude Include="include\tieba\JsonParser.h">
      <Filter>Header Files</Filter>
    </ClInclude>
    <ClInclude Include="include\tieba\get_info.h">
      <Filter>Header Files</Filter>
    </ClInclude>
    <ClInclude Include="include\tieba\common_def.h">
      <Filter>Header Files</Filter>
    </ClInclude>
    <ClInclude Include="include\python_util.h">
      <Filter>Header Files</Filter>
    </ClInclude>
    <ClInclude Include="include\tieba\util.h">
      <Filter>Header Files</Filter>
    </ClInclude>
    <ClInclude Include="include\Idf.h">
      <Filter>Header Files</Filter>
    </ClInclude>
    <ClInclude Include="include\model\Linear.h">
      <Filter>Header Files</Filter>
    </ClInclude>
    <ClInclude Include="include\tools\pinyin\IPYFactory.h">
      <Filter>Header Files</Filter>
    </ClInclude>
    <ClInclude Include="include\tools\pinyin\IPYNotation.h">
      <Filter>Header Files</Filter>
    </ClInclude>
    <ClInclude Include="include\tools\pinyin\Pinyin.h">
      <Filter>Header Files</Filter>
    </ClInclude>
    <ClInclude Include="include\random_util.h">
      <Filter>Header Files</Filter>
    </ClInclude>
    <ClInclude Include="gcc_IntelliSense.h">
      <Filter>Header Files</Filter>
    </ClInclude>
    <ClInclude Include="include\Numeric\BinFinder.h">
      <Filter>Header Files</Filter>
    </ClInclude>
    <ClInclude Include="include\Numeric\Vector\Vector.h">
      <Filter>Header Files</Filter>
    </ClInclude>
    <ClInclude Include="include\Numeric\Vector\vector_util.h">
      <Filter>Header Files</Filter>
    </ClInclude>
    <ClInclude Include="include\container\RegressionTree.h">
      <Filter>Header Files</Filter>
    </ClInclude>
    <ClInclude Include="include\feature\FeatureVector.h">
      <Filter>Header Files</Filter>
    </ClInclude>
    <ClInclude Include="include\feature\features_util.h">
      <Filter>Header Files</Filter>
    </ClInclude>
    <ClInclude Include="include\feature\FeaturesExtractor.h">
      <Filter>Header Files</Filter>
    </ClInclude>
    <ClInclude Include="include\feature\FeaturesExtractorMgr.h">
      <Filter>Header Files</Filter>
    </ClInclude>
    <ClInclude Include="include\feature\Features.h">
      <Filter>Header Files</Filter>
    </ClInclude>
    <ClInclude Include="include\LoadSave.h">
      <Filter>Header Files</Filter>
    </ClInclude>
    <ClInclude Include="include\tools\content_process.h">
      <Filter>Header Files</Filter>
    </ClInclude>
    <ClInclude Include="include\Numeric\HypothesisTester.h">
      <Filter>Header Files</Filter>
    </ClInclude>
    <ClInclude Include="include\PythonWrapper\Predictor.h">
      <Filter>Header Files</Filter>
    </ClInclude>
    <ClInclude Include="include\PythonWrapper\PredictorFactory.h">
      <Filter>Header Files</Filter>
    </ClInclude>
    <ClInclude Include="include\Numeric\find_bins.h">
      <Filter>Header Files</Filter>
    </ClInclude>
    <ClInclude Include="include\Numeric\Vector\TVector.h">
      <Filter>Header Files</Filter>
    </ClInclude>
    <ClInclude Include="include\openmp_util.h">
      <Filter>Header Files</Filter>
    </ClInclude>
  </ItemGroup>
  <ItemGroup>
    <ClCompile Include="include\editdistance.cc">
      <Filter>Source Files</Filter>
    </ClCompile>
    <ClCompile Include="src\json\json_reader.cpp">
      <Filter>Source Files</Filter>
    </ClCompile>
    <ClCompile Include="src\json\json_value.cpp">
      <Filter>Source Files</Filter>
    </ClCompile>
    <ClCompile Include="src\json\json_writer.cpp">
      <Filter>Source Files</Filter>
    </ClCompile>
    <ClCompile Include="src\model\bak\BinaryFastRankModel.cpp">
      <Filter>Source Files</Filter>
    </ClCompile>
    <ClCompile Include="src\model\LinearModel.cpp">
      <Filter>Source Files</Filter>
    </ClCompile>
    <ClCompile Include="src\model\ModelFactory.cpp">
      <Filter>Source Files</Filter>
    </ClCompile>
    <ClCompile Include="src\model\Predictor.cpp">
      <Filter>Source Files</Filter>
    </ClCompile>
    <ClCompile Include="src\model\RandForestModel.cpp">
      <Filter>Source Files</Filter>
    </ClCompile>
    <ClCompile Include="src\model\Score.cpp">
      <Filter>Source Files</Filter>
    </ClCompile>
    <ClCompile Include="src\model\SharedPredictor.cpp">
      <Filter>Source Files</Filter>
    </ClCompile>
    <ClCompile Include="src\model\SvmModel.cpp">
      <Filter>Source Files</Filter>
    </ClCompile>
    <ClCompile Include="src\conf_util.cpp">
      <Filter>Source Files</Filter>
    </ClCompile>
    <ClCompile Include="src\Seg.cpp">
      <Filter>Source Files</Filter>
    </ClCompile>
    <ClCompile Include="src\SharedSegmentor.cpp">
      <Filter>Source Files</Filter>
    </ClCompile>
    <ClCompile Include="src\word_seg.cpp">
      <Filter>Source Files</Filter>
    </ClCompile>
    <ClCompile Include="test\test_content_filter.cc">
      <Filter>Source Files</Filter>
    </ClCompile>
    <ClCompile Include="test\test_datetime.cc">
      <Filter>Source Files</Filter>
    </ClCompile>
    <ClCompile Include="test\test_encode.cc">
      <Filter>Source Files</Filter>
    </ClCompile>
    <ClCompile Include="test\test_escape.cc">
      <Filter>Source Files</Filter>
    </ClCompile>
    <ClCompile Include="test\test_feature_selector.cc">
      <Filter>Source Files</Filter>
    </ClCompile>
    <ClCompile Include="test\test_json.cc">
      <Filter>Source Files</Filter>
    </ClCompile>
    <ClCompile Include="test\test_other.cc">
      <Filter>Source Files</Filter>
    </ClCompile>
    <ClCompile Include="test\test_regex.cc">
      <Filter>Source Files</Filter>
    </ClCompile>
    <ClCompile Include="test\test_regex2.cc">
      <Filter>Source Files</Filter>
    </ClCompile>
    <ClCompile Include="test\test_lambda.cc">
      <Filter>Source Files</Filter>
    </ClCompile>
    <ClCompile Include="test\test_bins.cc">
      <Filter>Source Files</Filter>
    </ClCompile>
    <ClCompile Include="test\openmp\hello.cc">
      <Filter>Source Files</Filter>
    </ClCompile>
    <ClCompile Include="test\openmp\test.cc">
      <Filter>Source Files</Filter>
    </ClCompile>
    <ClCompile Include="test\linq\test.cc">
      <Filter>Source Files</Filter>
    </ClCompile>
    <ClCompile Include="test\test_map_util.cc">
      <Filter>Source Files</Filter>
    </ClCompile>
    <ClCompile Include="test\test_seg.cc">
      <Filter>Source Files</Filter>
    </ClCompile>
    <ClCompile Include="test\test_namepattern.cc">
      <Filter>Source Files</Filter>
    </ClCompile>
    <ClCompile Include="test\test_identifer.cc">
      <Filter>Source Files</Filter>
    </ClCompile>
    <ClCompile Include="test\test_conf.cc">
      <Filter>Source Files</Filter>
    </ClCompile>
    <ClCompile Include="test\test_pinyin.cc">
      <Filter>Source Files</Filter>
    </ClCompile>
    <ClCompile Include="test\test_random.cc">
      <Filter>Source Files</Filter>
    </ClCompile>
    <ClCompile Include="test\test_linear.cc">
      <Filter>Source Files</Filter>
    </ClCompile>
    <ClCompile Include="test\test_exception.cc">
      <Filter>Source Files</Filter>
    </ClCompile>
    <ClCompile Include="test\test_shared_ptr.cc">
      <Filter>Source Files</Filter>
    </ClCompile>
    <ClCompile Include="test\test_featurevector.cc">
      <Filter>Source Files</Filter>
    </ClCompile>
    <ClCompile Include="src\PythonWrapper\PredictorFactory.cpp">
      <Filter>Source Files</Filter>
    </ClCompile>
    <ClCompile Include="src\PythonWrapper\Predictor.cpp">
      <Filter>Source Files</Filter>
    </ClCompile>
    <ClCompile Include="test\test_binfinder.cc">
      <Filter>Source Files</Filter>
    </ClCompile>
    <ClCompile Include="test\test_split.cc">
      <Filter>Source Files</Filter>
    </ClCompile>
    <ClCompile Include="test\test_tieba_get_info.cc">
      <Filter>Source Files</Filter>
    </ClCompile>
  </ItemGroup>
  <ItemGroup>
    <None Include="src\json\json_internalarray.inl">
      <Filter>Header Files</Filter>
    </None>
    <None Include="src\json\json_internalmap.inl">
      <Filter>Header Files</Filter>
    </None>
    <None Include="src\json\json_valueiterator.inl">
      <Filter>Header Files</Filter>
    </None>
    <None Include="test\COMAKE" />
    <None Include="test\Makefile" />
  </ItemGroup>
</Project>